
Microsoft Visual Studio Solution File, Format Version 12.00
# Visual Studio Version 16
VisualStudioVersion = 16.0.35425.106
MinimumVisualStudioVersion = 10.0.40219.1
Project("{8BC9CEB8-8B4A-11D0-8D11-00A0C91BC942}") = "Komodo", "Komodo\Komodo.vcxproj", "{EF82B78C-4223-4E10-A5AD-BB97D88CC8AD}"
EndProject
Global
	GlobalSection(SolutionConfigurationPlatforms) = preSolution
		Debug|x64 = Debug|x64
		Debug|x86 = Debug|x86
		Release|x64 = Release|x64
		Release|x86 = Release|x86
	EndGlobalSection
	GlobalSection(ProjectConfigurationPlatforms) = postSolution
		{EF82B78C-4223-4E10-A5AD-BB97D88CC8AD}.Debug|x64.ActiveCfg = Debug|x64
		{EF82B78C-4223-4E10-A5AD-BB97D88CC8AD}.Debug|x64.Build.0 = Debug|x64
		{EF82B78C-4223-4E10-A5AD-BB97D88CC8AD}.Debug|x86.ActiveCfg = Debug|Win32
		{EF82B78C-4223-4E10-A5AD-BB97D88CC8AD}.Debug|x86.Build.0 = Debug|Win32
		{EF82B78C-4223-4E10-A5AD-BB97D88CC8AD}.Release|x64.ActiveCfg = Release|x64
		{EF82B78C-4223-4E10-A5AD-BB97D88CC8AD}.Release|x64.Build.0 = Release|x64
		{EF82B78C-4223-4E10-A5AD-BB97D88CC8AD}.Release|x86.ActiveCfg = Release|Win32
		{EF82B78C-4223-4E10-A5AD-BB97D88CC8AD}.Release|x86.Build.0 = Release|Win32
	EndGlobalSection
	GlobalSection(SolutionProperties) = preSolution
		HideSolutionNode = FALSE
	EndGlobalSection
	GlobalSection(ExtensibilityGlobals) = postSolution
		SolutionGuid = {E6BB8F90-DAD2-4ED8-80D0-6A13CB039D63}
	EndGlobalSection
EndGlobal
